
Microsoft Visual Studio Solution File, Format Version 12.00
# Visual Studio Version 16
VisualStudioVersion = 16.0.29613.14
MinimumVisualStudioVersion = 10.0.40219.1
Project("{FAE04EC0-301F-11D3-BF4B-00C04F79EFBC}") = "Speeding", "Speeding\Speeding.csproj", "{CA5337FD-BA47-4D5A-B74E-F5EE0D1E3D8A}"
EndProject
Global
	GlobalSection(SolutionConfigurationPlatforms) = preSolution
		Debug|Any CPU = Debug|Any CPU
		Release|Any CPU = Release|Any CPU
	EndGlobalSection
	GlobalSection(ProjectConfigurationPlatforms) = postSolution
		{CA5337FD-BA47-4D5A-B74E-F5EE0D1E3D8A}.Debug|Any CPU.ActiveCfg = Debug|Any CPU
		{CA5337FD-BA47-4D5A-B74E-F5EE0D1E3D8A}.Debug|Any CPU.Build.0 = Debug|Any CPU
		{CA5337FD-BA47-4D5A-B74E-F5EE0D1E3D8A}.Release|Any CPU.ActiveCfg = Release|Any CPU
		{CA5337FD-BA47-4D5A-B74E-F5EE0D1E3D8A}.Release|Any CPU.Build.0 = Release|Any CPU
	EndGlobalSection
	GlobalSection(SolutionProperties) = preSolution
		HideSolutionNode = FALSE
	EndGlobalSection
	GlobalSection(ExtensibilityGlobals) = postSolution
		SolutionGuid = {D0639F49-ADB4-4F60-B105-B9D9C99D77B6}
	EndGlobalSection
EndGlobal
